{
  "version": 4,
  "terraform_version": "1.1.9",
  "serial": 20,
  "lineage": "5639563f-9fb4-30b0-e2d3-6e76d83bcfbd",
  "outputs": {},
  "resources": [
    {
      "module": "module.aws-prod",
      "mode": "managed",
      "type": "aws_instance",
      "name": "Ec2-Terraform",
      "provider": "module.aws-prod.provider[\"registry.terraform.io/hashicorp/aws\"]",
      "instances": []
    },
    {
      "module": "module.aws-prod",
      "mode": "managed",
      "type": "aws_key_pair",
      "name": "ec2-key",
      "provider": "module.aws-prod.provider[\"registry.terraform.io/hashicorp/aws\"]",
      "instances": [
        {
          "schema_version": 1,
          "attributes": {
            "arn": "arn:aws:ec2:us-east-1:975168139250:key-pair/key-prod",
            "fingerprint": "e7:53:9a:27:bd:3b:89:0f:10:9b:b3:e2:96:a5:24:7d",
            "id": "key-prod",
            "key_name": "key-prod",
            "key_name_prefix": "",
            "key_pair_id": "key-08054b9471f3b43e6",
            "public_key": "ssh-rsa AAAAB3NzaC1yc2EAAAADAQABAAABgQCvl+25QfK+noNiJgWgTBr3w1nZ8Wl2aSQsE8vHfieP9z2MFtdvK1ImHoQ7zNaI/g4hKFK0clfIGB/sazjM+4a2b3BKBNkJ87LgY2lORZ0q1gncvAuwXT/8RNcvP1I+lcy/GgLzGh3LaGAt79/N4JEqi2QbBGz/Dbe+q6hBVSnkz0F3Z2BLron65vjXHOIW+vuQojUwLahTOIihe4helvpr4Mh1lynfrysi+cwz90sVcD5pt+8kLY9kEgxKXvLnqdUAVSWhNSYrsb1FjMNwS0kRQO2x34Y0IPEwVBXYFEA0rhjzCVTdkaGOTKtWI+UuuXtApdJ1Mtjb8ll+5nv46rm+ouFB/9McBihCSwa9FiqtTuV97EIjjpHFTC55GvRgnh/zaXEaB35rriiEq4lfVIDCOtkdV6APcP+WaFLE2Nv7AclPshdZvTcZqzUwm16nvkip6M0Dt4NnIymlcCZQsF3O/XLfmCExtSvWyZGiLGUufp5AFvZ6/JSEmzVc06oq9bs= guilherme@guilherme-virtual-machine",
            "tags": {
              "Name": "Conexão ssh"
            },
            "tags_all": {
              "Name": "Conexão ssh"
            }
          },
          "sensitive_attributes": [],
          "private": "eyJzY2hlbWFfdmVyc2lvbiI6IjEifQ=="
        }
      ]
    }
  ]
}
