{
  "version": 4,
  "terraform_version": "1.1.9",
  "serial": 23,
  "lineage": "5639563f-9fb4-30b0-e2d3-6e76d83bcfbd",
  "outputs": {
    "dns_publico_prod": {
      "value": "ec2-54-227-61-73.compute-1.amazonaws.com",
      "type": "string"
    },
    "ip_publico_prod": {
      "value": "54.227.61.73",
      "type": "string"
    }
  },
  "resources": [
    {
      "module": "module.aws-prod",
      "mode": "managed",
      "type": "aws_instance",
      "name": "Ec2-Terraform",
      "provider": "module.aws-prod.provider[\"registry.terraform.io/hashicorp/aws\"]",
      "instances": [
        {
          "schema_version": 1,
          "attributes": {
            "ami": "ami-04505e74c0741db8d",
            "arn": "arn:aws:ec2:us-east-1:975168139250:instance/i-099375b6762b5ed4c",
            "associate_public_ip_address": true,
            "availability_zone": "us-east-1c",
            "capacity_reservation_specification": [
              {
                "capacity_reservation_preference": "open",
                "capacity_reservation_target": []
              }
            ],
            "cpu_core_count": 1,
            "cpu_threads_per_core": 1,
            "credit_specification": [],
            "disable_api_termination": false,
            "ebs_block_device": [],
            "ebs_optimized": false,
            "enclave_options": [
              {
                "enabled": false
              }
            ],
            "ephemeral_block_device": [],
            "get_password_data": false,
            "hibernation": false,
            "host_id": null,
            "iam_instance_profile": "",
            "id": "i-099375b6762b5ed4c",
            "instance_initiated_shutdown_behavior": "stop",
            "instance_state": "running",
            "instance_type": "t1.micro",
            "ipv6_address_count": 0,
            "ipv6_addresses": [],
            "key_name": "key-prod",
            "launch_template": [],
            "metadata_options": [
              {
                "http_endpoint": "enabled",
                "http_put_response_hop_limit": 1,
                "http_tokens": "optional",
                "instance_metadata_tags": "disabled"
              }
            ],
            "monitoring": false,
            "network_interface": [],
            "outpost_arn": "",
            "password_data": "",
            "placement_group": "",
            "placement_partition_number": null,
            "primary_network_interface_id": "eni-02ecca4ec7d8e6189",
            "private_dns": "ip-172-31-22-68.ec2.internal",
            "private_ip": "172.31.22.68",
            "public_dns": "ec2-54-227-61-73.compute-1.amazonaws.com",
            "public_ip": "54.227.61.73",
            "root_block_device": [
              {
                "delete_on_termination": true,
                "device_name": "/dev/sda1",
                "encrypted": false,
                "iops": 100,
                "kms_key_id": "",
                "tags": {},
                "throughput": 0,
                "volume_id": "vol-044213198397cf847",
                "volume_size": 8,
                "volume_type": "gp2"
              }
            ],
            "secondary_private_ips": [],
            "security_groups": [
              "acesso_prod"
            ],
            "source_dest_check": true,
            "subnet_id": "subnet-07a2ddfb142d3861a",
            "tags": {
              "Name": "Testando com ansible e terraform"
            },
            "tags_all": {
              "Name": "Testando com ansible e terraform"
            },
            "tenancy": "default",
            "timeouts": null,
            "user_data": null,
            "user_data_base64": null,
            "volume_tags": null,
            "vpc_security_group_ids": [
              "sg-05d3053ab4483fb4b"
            ]
          },
          "sensitive_attributes": [],
          "private": "eyJlMmJmYjczMC1lY2FhLTExZTYtOGY4OC0zNDM2M2JjN2M0YzAiOnsiY3JlYXRlIjo2MDAwMDAwMDAwMDAsImRlbGV0ZSI6MTIwMDAwMDAwMDAwMCwidXBkYXRlIjo2MDAwMDAwMDAwMDB9LCJzY2hlbWFfdmVyc2lvbiI6IjEifQ==",
          "dependencies": [
            "module.aws-prod.aws_security_group.Ec2-prod"
          ]
        }
      ]
    },
    {
      "module": "module.aws-prod",
      "mode": "managed",
      "type": "aws_key_pair",
      "name": "ec2-key",
      "provider": "module.aws-prod.provider[\"registry.terraform.io/hashicorp/aws\"]",
      "instances": [
        {
          "schema_version": 1,
          "attributes": {
            "arn": "arn:aws:ec2:us-east-1:975168139250:key-pair/key-prod",
            "fingerprint": "e7:53:9a:27:bd:3b:89:0f:10:9b:b3:e2:96:a5:24:7d",
            "id": "key-prod",
            "key_name": "key-prod",
            "key_name_prefix": "",
            "key_pair_id": "key-08054b9471f3b43e6",
            "public_key": "ssh-rsa AAAAB3NzaC1yc2EAAAADAQABAAABgQCvl+25QfK+noNiJgWgTBr3w1nZ8Wl2aSQsE8vHfieP9z2MFtdvK1ImHoQ7zNaI/g4hKFK0clfIGB/sazjM+4a2b3BKBNkJ87LgY2lORZ0q1gncvAuwXT/8RNcvP1I+lcy/GgLzGh3LaGAt79/N4JEqi2QbBGz/Dbe+q6hBVSnkz0F3Z2BLron65vjXHOIW+vuQojUwLahTOIihe4helvpr4Mh1lynfrysi+cwz90sVcD5pt+8kLY9kEgxKXvLnqdUAVSWhNSYrsb1FjMNwS0kRQO2x34Y0IPEwVBXYFEA0rhjzCVTdkaGOTKtWI+UuuXtApdJ1Mtjb8ll+5nv46rm+ouFB/9McBihCSwa9FiqtTuV97EIjjpHFTC55GvRgnh/zaXEaB35rriiEq4lfVIDCOtkdV6APcP+WaFLE2Nv7AclPshdZvTcZqzUwm16nvkip6M0Dt4NnIymlcCZQsF3O/XLfmCExtSvWyZGiLGUufp5AFvZ6/JSEmzVc06oq9bs= guilherme@guilherme-virtual-machine",
            "tags": {
              "Name": "Conexão ssh"
            },
            "tags_all": {
              "Name": "Conexão ssh"
            }
          },
          "sensitive_attributes": [],
          "private": "eyJzY2hlbWFfdmVyc2lvbiI6IjEifQ=="
        }
      ]
    },
    {
      "module": "module.aws-prod",
      "mode": "managed",
      "type": "aws_security_group",
      "name": "Ec2-prod",
      "provider": "module.aws-prod.provider[\"registry.terraform.io/hashicorp/aws\"]",
      "instances": [
        {
          "schema_version": 1,
          "attributes": {
            "arn": "arn:aws:ec2:us-east-1:975168139250:security-group/sg-05d3053ab4483fb4b",
            "description": "grupo de Prod",
            "egress": [
              {
                "cidr_blocks": [
                  "0.0.0.0/0"
                ],
                "description": "",
                "from_port": 0,
                "ipv6_cidr_blocks": [],
                "prefix_list_ids": [],
                "protocol": "-1",
                "security_groups": [],
                "self": false,
                "to_port": 0
              }
            ],
            "id": "sg-05d3053ab4483fb4b",
            "ingress": [
              {
                "cidr_blocks": [
                  "0.0.0.0/0"
                ],
                "description": "",
                "from_port": 22,
                "ipv6_cidr_blocks": [],
                "prefix_list_ids": [],
                "protocol": "tcp",
                "security_groups": [],
                "self": false,
                "to_port": 22
              },
              {
                "cidr_blocks": [
                  "0.0.0.0/0"
                ],
                "description": "",
                "from_port": 8000,
                "ipv6_cidr_blocks": [],
                "prefix_list_ids": [],
                "protocol": "tcp",
                "security_groups": [],
                "self": false,
                "to_port": 8000
              },
              {
                "cidr_blocks": [
                  "0.0.0.0/0"
                ],
                "description": "",
                "from_port": 8080,
                "ipv6_cidr_blocks": [],
                "prefix_list_ids": [],
                "protocol": "tcp",
                "security_groups": [],
                "self": false,
                "to_port": 8080
              },
              {
                "cidr_blocks": [],
                "description": "",
                "from_port": 0,
                "ipv6_cidr_blocks": [],
                "prefix_list_ids": [],
                "protocol": "-1",
                "security_groups": [],
                "self": true,
                "to_port": 0
              }
            ],
            "name": "acesso_prod",
            "name_prefix": "",
            "owner_id": "975168139250",
            "revoke_rules_on_delete": false,
            "tags": {
              "Name": "acesso_geral"
            },
            "tags_all": {
              "Name": "acesso_geral"
            },
            "timeouts": null,
            "vpc_id": "vpc-07f9f7b2583fbfa13"
          },
          "sensitive_attributes": [],
          "private": "eyJlMmJmYjczMC1lY2FhLTExZTYtOGY4OC0zNDM2M2JjN2M0YzAiOnsiY3JlYXRlIjo2MDAwMDAwMDAwMDAsImRlbGV0ZSI6OTAwMDAwMDAwMDAwfSwic2NoZW1hX3ZlcnNpb24iOiIxIn0="
        }
      ]
    }
  ]
}
