{
  "version": 4,
  "terraform_version": "1.1.9",
  "serial": 24,
  "lineage": "a5ec1d67-a8a9-c132-6508-045ffd6a6b60",
  "outputs": {
    "dns_publico_dev": {
      "value": "ec2-3-88-236-103.compute-1.amazonaws.com",
      "type": "string"
    },
    "ip_publico_dev": {
      "value": "3.88.236.103",
      "type": "string"
    }
  },
  "resources": [
    {
      "module": "module.aws-dev",
      "mode": "managed",
      "type": "aws_instance",
      "name": "Ec2-Terraform",
      "provider": "module.aws-dev.provider[\"registry.terraform.io/hashicorp/aws\"]",
      "instances": [
        {
          "schema_version": 1,
          "attributes": {
            "ami": "ami-04505e74c0741db8d",
            "arn": "arn:aws:ec2:us-east-1:975168139250:instance/i-02a6cc5667f115ec6",
            "associate_public_ip_address": true,
            "availability_zone": "us-east-1c",
            "capacity_reservation_specification": [
              {
                "capacity_reservation_preference": "open",
                "capacity_reservation_target": []
              }
            ],
            "cpu_core_count": 1,
            "cpu_threads_per_core": 1,
            "credit_specification": [
              {
                "cpu_credits": "standard"
              }
            ],
            "disable_api_termination": false,
            "ebs_block_device": [],
            "ebs_optimized": false,
            "enclave_options": [
              {
                "enabled": false
              }
            ],
            "ephemeral_block_device": [],
            "get_password_data": false,
            "hibernation": false,
            "host_id": null,
            "iam_instance_profile": "",
            "id": "i-02a6cc5667f115ec6",
            "instance_initiated_shutdown_behavior": "stop",
            "instance_state": "running",
            "instance_type": "t2.micro",
            "ipv6_address_count": 0,
            "ipv6_addresses": [],
            "key_name": "id_rsa",
            "launch_template": [],
            "metadata_options": [
              {
                "http_endpoint": "enabled",
                "http_put_response_hop_limit": 1,
                "http_tokens": "optional",
                "instance_metadata_tags": "disabled"
              }
            ],
            "monitoring": false,
            "network_interface": [],
            "outpost_arn": "",
            "password_data": "",
            "placement_group": "",
            "placement_partition_number": null,
            "primary_network_interface_id": "eni-013af318be40355e9",
            "private_dns": "ip-172-31-19-145.ec2.internal",
            "private_ip": "172.31.19.145",
            "public_dns": "ec2-3-88-236-103.compute-1.amazonaws.com",
            "public_ip": "3.88.236.103",
            "root_block_device": [
              {
                "delete_on_termination": true,
                "device_name": "/dev/sda1",
                "encrypted": false,
                "iops": 100,
                "kms_key_id": "",
                "tags": {},
                "throughput": 0,
                "volume_id": "vol-0974f6c2fd23e6ab7",
                "volume_size": 8,
                "volume_type": "gp2"
              }
            ],
            "secondary_private_ips": [],
            "security_groups": [
              "acesso_geral"
            ],
            "source_dest_check": true,
            "subnet_id": "subnet-07a2ddfb142d3861a",
            "tags": {
              "Name": "Testando com ansible e terraform"
            },
            "tags_all": {
              "Name": "Testando com ansible e terraform"
            },
            "tenancy": "default",
            "timeouts": null,
            "user_data": null,
            "user_data_base64": null,
            "volume_tags": null,
            "vpc_security_group_ids": [
              "sg-067df007425d19bb9"
            ]
          },
          "sensitive_attributes": [],
          "private": "eyJlMmJmYjczMC1lY2FhLTExZTYtOGY4OC0zNDM2M2JjN2M0YzAiOnsiY3JlYXRlIjo2MDAwMDAwMDAwMDAsImRlbGV0ZSI6MTIwMDAwMDAwMDAwMCwidXBkYXRlIjo2MDAwMDAwMDAwMDB9LCJzY2hlbWFfdmVyc2lvbiI6IjEifQ==",
          "dependencies": [
            "module.aws-dev.aws_security_group.Ec2-sg"
          ]
        }
      ]
    },
    {
      "module": "module.aws-dev",
      "mode": "managed",
      "type": "aws_key_pair",
      "name": "ec2-key",
      "provider": "module.aws-dev.provider[\"registry.terraform.io/hashicorp/aws\"]",
      "instances": [
        {
          "schema_version": 1,
          "attributes": {
            "arn": "arn:aws:ec2:us-east-1:975168139250:key-pair/id_rsa",
            "fingerprint": "5a:bd:f2:18:71:03:53:75:bc:e5:2b:3f:82:ad:26:89",
            "id": "id_rsa",
            "key_name": "id_rsa",
            "key_name_prefix": "",
            "key_pair_id": "key-04d8d3dfdc3e0e466",
            "public_key": "ssh-rsa AAAAB3NzaC1yc2EAAAADAQABAAABgQDIIThuzoWW8wjmKPGDIgXatnHtOCAUvH51J0R+4DNrrQRDKmlXOg+C2TMzG4dOZjS4MCyS7gdAjTJx+CK/tkSKBsh23iHFjzap491InZsS9X8XDtafAHpN97sY2uB8QwW7WcdBONqnYPlXlaB8UB2gH9dFVEQIpWhHOynJNe9PZtnnms0ePOzzEweHUZ2twC+03tSBPlB8PaGKRk0v6oB5HWlPjhY8Mbc/7pQXSYJHjlQb2eBIN6jaQaloT8PEp7YUNUrlij4cBbttz4pChgpyLRbLuLCRO1xTn838DUEqt5gtf4Hu2+D3vFiGyCFbQ2uYpiGveyI+51C6C20uhhZp1xLfPCA3Y3WZ+XpAV3rjMf+YNen9lc15Fuj/KsF4Dc6q0xh61KhyNyojMDfREO9PVdhDhdaQ5MVmrgJQnSn+8z64CBwJ+FYFUWFMsZCHTWwe2VbEYqKtIn55B2ZMBy4kwoQ9AJSTW8XLg9pmuB1IigXZaZFGKrI3Hmyb7KlCOC0= guilherme@guilherme-virtual-machine",
            "tags": {
              "Name": "Conexão ssh"
            },
            "tags_all": {
              "Name": "Conexão ssh"
            }
          },
          "sensitive_attributes": [],
          "private": "eyJzY2hlbWFfdmVyc2lvbiI6IjEifQ=="
        }
      ]
    },
    {
      "module": "module.aws-dev",
      "mode": "managed",
      "type": "aws_security_group",
      "name": "Ec2-sg",
      "provider": "module.aws-dev.provider[\"registry.terraform.io/hashicorp/aws\"]",
      "instances": [
        {
          "schema_version": 1,
          "attributes": {
            "arn": "arn:aws:ec2:us-east-1:975168139250:security-group/sg-067df007425d19bb9",
            "description": "grupo de Prod",
            "egress": [
              {
                "cidr_blocks": [
                  "0.0.0.0/0"
                ],
                "description": "",
                "from_port": 0,
                "ipv6_cidr_blocks": [],
                "prefix_list_ids": [],
                "protocol": "-1",
                "security_groups": [],
                "self": false,
                "to_port": 0
              }
            ],
            "id": "sg-067df007425d19bb9",
            "ingress": [
              {
                "cidr_blocks": [
                  "0.0.0.0/0"
                ],
                "description": "",
                "from_port": 22,
                "ipv6_cidr_blocks": [],
                "prefix_list_ids": [],
                "protocol": "tcp",
                "security_groups": [],
                "self": false,
                "to_port": 22
              },
              {
                "cidr_blocks": [
                  "0.0.0.0/0"
                ],
                "description": "",
                "from_port": 8000,
                "ipv6_cidr_blocks": [],
                "prefix_list_ids": [],
                "protocol": "tcp",
                "security_groups": [],
                "self": false,
                "to_port": 8000
              },
              {
                "cidr_blocks": [
                  "0.0.0.0/0"
                ],
                "description": "",
                "from_port": 8080,
                "ipv6_cidr_blocks": [],
                "prefix_list_ids": [],
                "protocol": "tcp",
                "security_groups": [],
                "self": false,
                "to_port": 8080
              },
              {
                "cidr_blocks": [],
                "description": "",
                "from_port": 0,
                "ipv6_cidr_blocks": [],
                "prefix_list_ids": [],
                "protocol": "-1",
                "security_groups": [],
                "self": true,
                "to_port": 0
              }
            ],
            "name": "acesso_geral",
            "name_prefix": "",
            "owner_id": "975168139250",
            "revoke_rules_on_delete": false,
            "tags": {
              "Name": "acesso_geral"
            },
            "tags_all": {
              "Name": "acesso_geral"
            },
            "timeouts": null,
            "vpc_id": "vpc-07f9f7b2583fbfa13"
          },
          "sensitive_attributes": [],
          "private": "eyJlMmJmYjczMC1lY2FhLTExZTYtOGY4OC0zNDM2M2JjN2M0YzAiOnsiY3JlYXRlIjo2MDAwMDAwMDAwMDAsImRlbGV0ZSI6OTAwMDAwMDAwMDAwfSwic2NoZW1hX3ZlcnNpb24iOiIxIn0="
        }
      ]
    }
  ]
}
